
Microsoft Visual Studio Solution File, Format Version 12.00
# Visual Studio Version 16
VisualStudioVersion = 16.0.31112.23
MinimumVisualStudioVersion = 10.0.40219.1
Project("{FAE04EC0-301F-11D3-BF4B-00C04F79EFBC}") = "ServerApp", "ServerApp\ServerApp.csproj", "{C5CB98F8-8F6F-404C-91CF-052580B0B7EB}"
EndProject
Project("{FAE04EC0-301F-11D3-BF4B-00C04F79EFBC}") = "ClientApp", "ClientApp\ClientApp.csproj", "{E791A6C5-8332-43E8-9B84-48FAA8CB7E44}"
EndProject
Project("{FAE04EC0-301F-11D3-BF4B-00C04F79EFBC}") = "API", "API\API.csproj", "{D467CB9B-6EF3-4F9D-8726-0C04A6EE2539}"
EndProject
Global
	GlobalSection(SolutionConfigurationPlatforms) = preSolution
		Debug|Any CPU = Debug|Any CPU
		Release|Any CPU = Release|Any CPU
	EndGlobalSection
	GlobalSection(ProjectConfigurationPlatforms) = postSolution
		{C5CB98F8-8F6F-404C-91CF-052580B0B7EB}.Debug|Any CPU.ActiveCfg = Debug|Any CPU
		{C5CB98F8-8F6F-404C-91CF-052580B0B7EB}.Debug|Any CPU.Build.0 = Debug|Any CPU
		{C5CB98F8-8F6F-404C-91CF-052580B0B7EB}.Release|Any CPU.ActiveCfg = Release|Any CPU
		{C5CB98F8-8F6F-404C-91CF-052580B0B7EB}.Release|Any CPU.Build.0 = Release|Any CPU
		{E791A6C5-8332-43E8-9B84-48FAA8CB7E44}.Debug|Any CPU.ActiveCfg = Debug|Any CPU
		{E791A6C5-8332-43E8-9B84-48FAA8CB7E44}.Debug|Any CPU.Build.0 = Debug|Any CPU
		{E791A6C5-8332-43E8-9B84-48FAA8CB7E44}.Release|Any CPU.ActiveCfg = Release|Any CPU
		{E791A6C5-8332-43E8-9B84-48FAA8CB7E44}.Release|Any CPU.Build.0 = Release|Any CPU
		{D467CB9B-6EF3-4F9D-8726-0C04A6EE2539}.Debug|Any CPU.ActiveCfg = Debug|Any CPU
		{D467CB9B-6EF3-4F9D-8726-0C04A6EE2539}.Debug|Any CPU.Build.0 = Debug|Any CPU
		{D467CB9B-6EF3-4F9D-8726-0C04A6EE2539}.Release|Any CPU.ActiveCfg = Release|Any CPU
		{D467CB9B-6EF3-4F9D-8726-0C04A6EE2539}.Release|Any CPU.Build.0 = Release|Any CPU
	EndGlobalSection
	GlobalSection(SolutionProperties) = preSolution
		HideSolutionNode = FALSE
	EndGlobalSection
	GlobalSection(ExtensibilityGlobals) = postSolution
		SolutionGuid = {A713B0B9-C392-4E9C-B6D3-34480920526B}
	EndGlobalSection
EndGlobal
